
Microsoft Visual Studio Solution File, Format Version 12.00
# Visual Studio Version 16
VisualStudioVersion = 16.0.31410.357
MinimumVisualStudioVersion = 10.0.40219.1
Project("{FAE04EC0-301F-11D3-BF4B-00C04F79EFBC}") = "BicycleStore", "BicycleStore\BicycleStore.csproj", "{949CAC33-9CEB-42B2-871A-351B5E7F8CD1}"
EndProject
Global
	GlobalSection(SolutionConfigurationPlatforms) = preSolution
		Debug|Any CPU = Debug|Any CPU
		Release|Any CPU = Release|Any CPU
	EndGlobalSection
	GlobalSection(ProjectConfigurationPlatforms) = postSolution
		{949CAC33-9CEB-42B2-871A-351B5E7F8CD1}.Debug|Any CPU.ActiveCfg = Debug|Any CPU
		{949CAC33-9CEB-42B2-871A-351B5E7F8CD1}.Debug|Any CPU.Build.0 = Debug|Any CPU
		{949CAC33-9CEB-42B2-871A-351B5E7F8CD1}.Release|Any CPU.ActiveCfg = Release|Any CPU
		{949CAC33-9CEB-42B2-871A-351B5E7F8CD1}.Release|Any CPU.Build.0 = Release|Any CPU
	EndGlobalSection
	GlobalSection(SolutionProperties) = preSolution
		HideSolutionNode = FALSE
	EndGlobalSection
	GlobalSection(ExtensibilityGlobals) = postSolution
		SolutionGuid = {2AFFFAB0-627C-47AE-9F04-5E5051E84C7B}
	EndGlobalSection
EndGlobal
